
Microsoft Visual Studio Solution File, Format Version 12.00
# Visual Studio Version 16
VisualStudioVersion = 16.0.30611.23
MinimumVisualStudioVersion = 10.0.40219.1
Project("{2150E333-8FDC-42A3-9474-1A3956D46DE8}") = "Microservices", "Microservices", "{77C7366F-C255-435A-8D1A-88144A032D49}"
EndProject
Project("{9A19103F-16F7-4668-BE54-9A1E7A4F7556}") = "Customer.Microservice", "Customer.Microservice\Customer.Microservice.csproj", "{628EA712-8FF5-4AF4-9D60-DEC420038677}"
EndProject
Project("{9A19103F-16F7-4668-BE54-9A1E7A4F7556}") = "Resource.Microservice", "Resource.Microservice\Resource.Microservice.csproj", "{3E010D42-4405-45A1-955A-5713AC7A278F}"
EndProject
Project("{9A19103F-16F7-4668-BE54-9A1E7A4F7556}") = "Lease.Microservice", "Lease.Microservice\Lease.Microservice.csproj", "{75AACF7A-76D2-40E8-A450-E59BB96B34E4}"
EndProject
Project("{9A19103F-16F7-4668-BE54-9A1E7A4F7556}") = "Gateway.API", "Gateway.API\Gateway.API.csproj", "{CF573E51-0803-428E-87B5-8EA58DF3000E}"
EndProject
Project("{2150E333-8FDC-42A3-9474-1A3956D46DE8}") = "Customer", "Customer", "{EE1F8324-E26B-49C4-8D15-83149858A713}"
EndProject
Project("{2150E333-8FDC-42A3-9474-1A3956D46DE8}") = "Lease", "Lease", "{33597270-5E57-43FE-A555-21C3A959CFE1}"
EndProject
Project("{2150E333-8FDC-42A3-9474-1A3956D46DE8}") = "Resource", "Resource", "{4323D0D4-3839-4C14-8A32-50A4EF584DFE}"
EndProject
Global
	GlobalSection(SolutionConfigurationPlatforms) = preSolution
		Debug|Any CPU = Debug|Any CPU
		Release|Any CPU = Release|Any CPU
	EndGlobalSection
	GlobalSection(ProjectConfigurationPlatforms) = postSolution
		{628EA712-8FF5-4AF4-9D60-DEC420038677}.Debug|Any CPU.ActiveCfg = Debug|Any CPU
		{628EA712-8FF5-4AF4-9D60-DEC420038677}.Debug|Any CPU.Build.0 = Debug|Any CPU
		{628EA712-8FF5-4AF4-9D60-DEC420038677}.Release|Any CPU.ActiveCfg = Release|Any CPU
		{628EA712-8FF5-4AF4-9D60-DEC420038677}.Release|Any CPU.Build.0 = Release|Any CPU
		{3E010D42-4405-45A1-955A-5713AC7A278F}.Debug|Any CPU.ActiveCfg = Debug|Any CPU
		{3E010D42-4405-45A1-955A-5713AC7A278F}.Debug|Any CPU.Build.0 = Debug|Any CPU
		{3E010D42-4405-45A1-955A-5713AC7A278F}.Release|Any CPU.ActiveCfg = Release|Any CPU
		{3E010D42-4405-45A1-955A-5713AC7A278F}.Release|Any CPU.Build.0 = Release|Any CPU
		{75AACF7A-76D2-40E8-A450-E59BB96B34E4}.Debug|Any CPU.ActiveCfg = Debug|Any CPU
		{75AACF7A-76D2-40E8-A450-E59BB96B34E4}.Debug|Any CPU.Build.0 = Debug|Any CPU
		{75AACF7A-76D2-40E8-A450-E59BB96B34E4}.Release|Any CPU.ActiveCfg = Release|Any CPU
		{75AACF7A-76D2-40E8-A450-E59BB96B34E4}.Release|Any CPU.Build.0 = Release|Any CPU
		{CF573E51-0803-428E-87B5-8EA58DF3000E}.Debug|Any CPU.ActiveCfg = Debug|Any CPU
		{CF573E51-0803-428E-87B5-8EA58DF3000E}.Debug|Any CPU.Build.0 = Debug|Any CPU
		{CF573E51-0803-428E-87B5-8EA58DF3000E}.Release|Any CPU.ActiveCfg = Release|Any CPU
		{CF573E51-0803-428E-87B5-8EA58DF3000E}.Release|Any CPU.Build.0 = Release|Any CPU
	EndGlobalSection
	GlobalSection(SolutionProperties) = preSolution
		HideSolutionNode = FALSE
	EndGlobalSection
	GlobalSection(NestedProjects) = preSolution
		{628EA712-8FF5-4AF4-9D60-DEC420038677} = {EE1F8324-E26B-49C4-8D15-83149858A713}
		{3E010D42-4405-45A1-955A-5713AC7A278F} = {4323D0D4-3839-4C14-8A32-50A4EF584DFE}
		{75AACF7A-76D2-40E8-A450-E59BB96B34E4} = {33597270-5E57-43FE-A555-21C3A959CFE1}
		{EE1F8324-E26B-49C4-8D15-83149858A713} = {77C7366F-C255-435A-8D1A-88144A032D49}
		{33597270-5E57-43FE-A555-21C3A959CFE1} = {77C7366F-C255-435A-8D1A-88144A032D49}
		{4323D0D4-3839-4C14-8A32-50A4EF584DFE} = {77C7366F-C255-435A-8D1A-88144A032D49}
	EndGlobalSection
	GlobalSection(ExtensibilityGlobals) = postSolution
		SolutionGuid = {BD2BBD91-9DE3-4EA7-9B47-646B0F3C112B}
	EndGlobalSection
EndGlobal
