
Microsoft Visual Studio Solution File, Format Version 12.00
# Visual Studio Version 16
VisualStudioVersion = 16.0.30611.23
MinimumVisualStudioVersion = 10.0.40219.1
Project("{2150E333-8FDC-42A3-9474-1A3956D46DE8}") = "Microservices", "Microservices", "{77C7366F-C255-435A-8D1A-88144A032D49}"
EndProject
Project("{9A19103F-16F7-4668-BE54-9A1E7A4F7556}") = "Customer.Microservice", "Customer.Microservice\Customer.Microservice.csproj", "{628EA712-8FF5-4AF4-9D60-DEC420038677}"
EndProject
Project("{9A19103F-16F7-4668-BE54-9A1E7A4F7556}") = "Resource.Microservice", "Resource.Microservice\Resource.Microservice.csproj", "{3E010D42-4405-45A1-955A-5713AC7A278F}"
EndProject
Project("{9A19103F-16F7-4668-BE54-9A1E7A4F7556}") = "Lease.Microservice", "Lease.Microservice\Lease.Microservice.csproj", "{75AACF7A-76D2-40E8-A450-E59BB96B34E4}"
EndProject
Project("{9A19103F-16F7-4668-BE54-9A1E7A4F7556}") = "Gateway.API", "Gateway.API\Gateway.API.csproj", "{CF573E51-0803-428E-87B5-8EA58DF3000E}"
EndProject
Project("{2150E333-8FDC-42A3-9474-1A3956D46DE8}") = "Customer", "Customer", "{EE1F8324-E26B-49C4-8D15-83149858A713}"
EndProject
Project("{2150E333-8FDC-42A3-9474-1A3956D46DE8}") = "Lease", "Lease", "{33597270-5E57-43FE-A555-21C3A959CFE1}"
EndProject
Project("{2150E333-8FDC-42A3-9474-1A3956D46DE8}") = "Resource", "Resource", "{4323D0D4-3839-4C14-8A32-50A4EF584DFE}"
EndProject
Project("{9A19103F-16F7-4668-BE54-9A1E7A4F7556}") = "Delpin.Framework", "Delpin.Framework\Delpin.Framework.csproj", "{FED89C5C-4F32-4802-B745-5DFCEEAE2122}"
EndProject
Project("{9A19103F-16F7-4668-BE54-9A1E7A4F7556}") = "Lease.Domain", "Lease.Domain\Lease.Domain.csproj", "{7D773879-3B30-4CA8-9632-5523293AF459}"
EndProject
Project("{9A19103F-16F7-4668-BE54-9A1E7A4F7556}") = "Lease.Infrastructure", "Lease.Infrastructure\Lease.Infrastructure.csproj", "{EFA68BD4-EA4D-428F-98B3-76DE9757C871}"
EndProject
Project("{9A19103F-16F7-4668-BE54-9A1E7A4F7556}") = "Customer.Domain", "Customer.Domain\Customer.Domain.csproj", "{0E9B1D75-4E57-4EA5-B020-CC33CAA9B0A6}"
EndProject
Project("{9A19103F-16F7-4668-BE54-9A1E7A4F7556}") = "Resource.Domain", "Resource.Domain\Resource.Domain.csproj", "{5D70789B-14A3-4086-A04C-8EFE2BEE2A7B}"
EndProject
Project("{9A19103F-16F7-4668-BE54-9A1E7A4F7556}") = "Resource.Infrastructure", "Resource.Infrastructure\Resource.Infrastructure.csproj", "{EA4A81B3-8946-46B3-8DB8-8450FC957C20}"
EndProject
Project("{9A19103F-16F7-4668-BE54-9A1E7A4F7556}") = "Delpin.Shared", "Delpin.Shared\Delpin.Shared.csproj", "{03B24B52-DA87-4C05-8C7A-2398CEAD34D1}"
EndProject
Project("{9A19103F-16F7-4668-BE54-9A1E7A4F7556}") = "Delpin.WebClient", "Delpin.WebClient\Delpin.WebClient.csproj", "{9D5A1ACE-54B9-414A-B0CD-C703ACFF9058}"
EndProject
Project("{9A19103F-16F7-4668-BE54-9A1E7A4F7556}") = "Lease.Application", "Lease.Application\Lease.Application.csproj", "{BB2B7E78-3540-417E-A932-6F056C440C1E}"
EndProject
Project("{9A19103F-16F7-4668-BE54-9A1E7A4F7556}") = "Customer.Infrastructure", "Customer.Infrastructure\Customer.Infrastructure.csproj", "{F587F581-6686-4A95-AF9D-F5D47A71F6ED}"
EndProject
Project("{9A19103F-16F7-4668-BE54-9A1E7A4F7556}") = "Customer.Application", "Customer.Application\Customer.Application.csproj", "{813738E3-A6B8-4102-9952-05F9B68F14A3}"
EndProject
Project("{9A19103F-16F7-4668-BE54-9A1E7A4F7556}") = "Customer.Tests", "Customer.Tests\Customer.Tests.csproj", "{77389A67-1496-4C91-B4FF-1F588945D9C1}"
EndProject
Project("{FAE04EC0-301F-11D3-BF4B-00C04F79EFBC}") = "Resource.Application", "Resource.Application\Resource.Application.csproj", "{E3C6BFC9-C07A-4DED-AD0B-D8BFDB746977}"
EndProject
Global
	GlobalSection(SolutionConfigurationPlatforms) = preSolution
		Debug|Any CPU = Debug|Any CPU
		Release|Any CPU = Release|Any CPU
	EndGlobalSection
	GlobalSection(ProjectConfigurationPlatforms) = postSolution
		{628EA712-8FF5-4AF4-9D60-DEC420038677}.Debug|Any CPU.ActiveCfg = Debug|Any CPU
		{628EA712-8FF5-4AF4-9D60-DEC420038677}.Debug|Any CPU.Build.0 = Debug|Any CPU
		{628EA712-8FF5-4AF4-9D60-DEC420038677}.Release|Any CPU.ActiveCfg = Release|Any CPU
		{628EA712-8FF5-4AF4-9D60-DEC420038677}.Release|Any CPU.Build.0 = Release|Any CPU
		{3E010D42-4405-45A1-955A-5713AC7A278F}.Debug|Any CPU.ActiveCfg = Debug|Any CPU
		{3E010D42-4405-45A1-955A-5713AC7A278F}.Debug|Any CPU.Build.0 = Debug|Any CPU
		{3E010D42-4405-45A1-955A-5713AC7A278F}.Release|Any CPU.ActiveCfg = Release|Any CPU
		{3E010D42-4405-45A1-955A-5713AC7A278F}.Release|Any CPU.Build.0 = Release|Any CPU
		{75AACF7A-76D2-40E8-A450-E59BB96B34E4}.Debug|Any CPU.ActiveCfg = Debug|Any CPU
		{75AACF7A-76D2-40E8-A450-E59BB96B34E4}.Debug|Any CPU.Build.0 = Debug|Any CPU
		{75AACF7A-76D2-40E8-A450-E59BB96B34E4}.Release|Any CPU.ActiveCfg = Release|Any CPU
		{75AACF7A-76D2-40E8-A450-E59BB96B34E4}.Release|Any CPU.Build.0 = Release|Any CPU
		{CF573E51-0803-428E-87B5-8EA58DF3000E}.Debug|Any CPU.ActiveCfg = Debug|Any CPU
		{CF573E51-0803-428E-87B5-8EA58DF3000E}.Debug|Any CPU.Build.0 = Debug|Any CPU
		{CF573E51-0803-428E-87B5-8EA58DF3000E}.Release|Any CPU.ActiveCfg = Release|Any CPU
		{CF573E51-0803-428E-87B5-8EA58DF3000E}.Release|Any CPU.Build.0 = Release|Any CPU
		{FED89C5C-4F32-4802-B745-5DFCEEAE2122}.Debug|Any CPU.ActiveCfg = Debug|Any CPU
		{FED89C5C-4F32-4802-B745-5DFCEEAE2122}.Debug|Any CPU.Build.0 = Debug|Any CPU
		{FED89C5C-4F32-4802-B745-5DFCEEAE2122}.Release|Any CPU.ActiveCfg = Release|Any CPU
		{FED89C5C-4F32-4802-B745-5DFCEEAE2122}.Release|Any CPU.Build.0 = Release|Any CPU
		{7D773879-3B30-4CA8-9632-5523293AF459}.Debug|Any CPU.ActiveCfg = Debug|Any CPU
		{7D773879-3B30-4CA8-9632-5523293AF459}.Debug|Any CPU.Build.0 = Debug|Any CPU
		{7D773879-3B30-4CA8-9632-5523293AF459}.Release|Any CPU.ActiveCfg = Release|Any CPU
		{7D773879-3B30-4CA8-9632-5523293AF459}.Release|Any CPU.Build.0 = Release|Any CPU
		{EFA68BD4-EA4D-428F-98B3-76DE9757C871}.Debug|Any CPU.ActiveCfg = Debug|Any CPU
		{EFA68BD4-EA4D-428F-98B3-76DE9757C871}.Debug|Any CPU.Build.0 = Debug|Any CPU
		{EFA68BD4-EA4D-428F-98B3-76DE9757C871}.Release|Any CPU.ActiveCfg = Release|Any CPU
		{EFA68BD4-EA4D-428F-98B3-76DE9757C871}.Release|Any CPU.Build.0 = Release|Any CPU
		{0E9B1D75-4E57-4EA5-B020-CC33CAA9B0A6}.Debug|Any CPU.ActiveCfg = Debug|Any CPU
		{0E9B1D75-4E57-4EA5-B020-CC33CAA9B0A6}.Debug|Any CPU.Build.0 = Debug|Any CPU
		{0E9B1D75-4E57-4EA5-B020-CC33CAA9B0A6}.Release|Any CPU.ActiveCfg = Release|Any CPU
		{0E9B1D75-4E57-4EA5-B020-CC33CAA9B0A6}.Release|Any CPU.Build.0 = Release|Any CPU
		{5D70789B-14A3-4086-A04C-8EFE2BEE2A7B}.Debug|Any CPU.ActiveCfg = Debug|Any CPU
		{5D70789B-14A3-4086-A04C-8EFE2BEE2A7B}.Debug|Any CPU.Build.0 = Debug|Any CPU
		{5D70789B-14A3-4086-A04C-8EFE2BEE2A7B}.Release|Any CPU.ActiveCfg = Release|Any CPU
		{5D70789B-14A3-4086-A04C-8EFE2BEE2A7B}.Release|Any CPU.Build.0 = Release|Any CPU
		{EA4A81B3-8946-46B3-8DB8-8450FC957C20}.Debug|Any CPU.ActiveCfg = Debug|Any CPU
		{EA4A81B3-8946-46B3-8DB8-8450FC957C20}.Debug|Any CPU.Build.0 = Debug|Any CPU
		{EA4A81B3-8946-46B3-8DB8-8450FC957C20}.Release|Any CPU.ActiveCfg = Release|Any CPU
		{EA4A81B3-8946-46B3-8DB8-8450FC957C20}.Release|Any CPU.Build.0 = Release|Any CPU
		{03B24B52-DA87-4C05-8C7A-2398CEAD34D1}.Debug|Any CPU.ActiveCfg = Debug|Any CPU
		{03B24B52-DA87-4C05-8C7A-2398CEAD34D1}.Debug|Any CPU.Build.0 = Debug|Any CPU
		{03B24B52-DA87-4C05-8C7A-2398CEAD34D1}.Release|Any CPU.ActiveCfg = Release|Any CPU
		{03B24B52-DA87-4C05-8C7A-2398CEAD34D1}.Release|Any CPU.Build.0 = Release|Any CPU
		{9D5A1ACE-54B9-414A-B0CD-C703ACFF9058}.Debug|Any CPU.ActiveCfg = Debug|Any CPU
		{9D5A1ACE-54B9-414A-B0CD-C703ACFF9058}.Debug|Any CPU.Build.0 = Debug|Any CPU
		{9D5A1ACE-54B9-414A-B0CD-C703ACFF9058}.Release|Any CPU.ActiveCfg = Release|Any CPU
		{9D5A1ACE-54B9-414A-B0CD-C703ACFF9058}.Release|Any CPU.Build.0 = Release|Any CPU
		{BB2B7E78-3540-417E-A932-6F056C440C1E}.Debug|Any CPU.ActiveCfg = Debug|Any CPU
		{BB2B7E78-3540-417E-A932-6F056C440C1E}.Debug|Any CPU.Build.0 = Debug|Any CPU
		{BB2B7E78-3540-417E-A932-6F056C440C1E}.Release|Any CPU.ActiveCfg = Release|Any CPU
		{BB2B7E78-3540-417E-A932-6F056C440C1E}.Release|Any CPU.Build.0 = Release|Any CPU
		{F587F581-6686-4A95-AF9D-F5D47A71F6ED}.Debug|Any CPU.ActiveCfg = Debug|Any CPU
		{F587F581-6686-4A95-AF9D-F5D47A71F6ED}.Debug|Any CPU.Build.0 = Debug|Any CPU
		{F587F581-6686-4A95-AF9D-F5D47A71F6ED}.Release|Any CPU.ActiveCfg = Release|Any CPU
		{F587F581-6686-4A95-AF9D-F5D47A71F6ED}.Release|Any CPU.Build.0 = Release|Any CPU
		{813738E3-A6B8-4102-9952-05F9B68F14A3}.Debug|Any CPU.ActiveCfg = Debug|Any CPU
		{813738E3-A6B8-4102-9952-05F9B68F14A3}.Debug|Any CPU.Build.0 = Debug|Any CPU
		{813738E3-A6B8-4102-9952-05F9B68F14A3}.Release|Any CPU.ActiveCfg = Release|Any CPU
		{813738E3-A6B8-4102-9952-05F9B68F14A3}.Release|Any CPU.Build.0 = Release|Any CPU
		{77389A67-1496-4C91-B4FF-1F588945D9C1}.Debug|Any CPU.ActiveCfg = Debug|Any CPU
		{77389A67-1496-4C91-B4FF-1F588945D9C1}.Debug|Any CPU.Build.0 = Debug|Any CPU
		{77389A67-1496-4C91-B4FF-1F588945D9C1}.Release|Any CPU.ActiveCfg = Release|Any CPU
		{77389A67-1496-4C91-B4FF-1F588945D9C1}.Release|Any CPU.Build.0 = Release|Any CPU
		{E3C6BFC9-C07A-4DED-AD0B-D8BFDB746977}.Debug|Any CPU.ActiveCfg = Debug|Any CPU
		{E3C6BFC9-C07A-4DED-AD0B-D8BFDB746977}.Debug|Any CPU.Build.0 = Debug|Any CPU
		{E3C6BFC9-C07A-4DED-AD0B-D8BFDB746977}.Release|Any CPU.ActiveCfg = Release|Any CPU
		{E3C6BFC9-C07A-4DED-AD0B-D8BFDB746977}.Release|Any CPU.Build.0 = Release|Any CPU
	EndGlobalSection
	GlobalSection(SolutionProperties) = preSolution
		HideSolutionNode = FALSE
	EndGlobalSection
	GlobalSection(NestedProjects) = preSolution
		{628EA712-8FF5-4AF4-9D60-DEC420038677} = {EE1F8324-E26B-49C4-8D15-83149858A713}
		{3E010D42-4405-45A1-955A-5713AC7A278F} = {4323D0D4-3839-4C14-8A32-50A4EF584DFE}
		{75AACF7A-76D2-40E8-A450-E59BB96B34E4} = {33597270-5E57-43FE-A555-21C3A959CFE1}
		{EE1F8324-E26B-49C4-8D15-83149858A713} = {77C7366F-C255-435A-8D1A-88144A032D49}
		{33597270-5E57-43FE-A555-21C3A959CFE1} = {77C7366F-C255-435A-8D1A-88144A032D49}
		{4323D0D4-3839-4C14-8A32-50A4EF584DFE} = {77C7366F-C255-435A-8D1A-88144A032D49}
		{7D773879-3B30-4CA8-9632-5523293AF459} = {33597270-5E57-43FE-A555-21C3A959CFE1}
		{EFA68BD4-EA4D-428F-98B3-76DE9757C871} = {33597270-5E57-43FE-A555-21C3A959CFE1}
		{0E9B1D75-4E57-4EA5-B020-CC33CAA9B0A6} = {EE1F8324-E26B-49C4-8D15-83149858A713}
		{5D70789B-14A3-4086-A04C-8EFE2BEE2A7B} = {4323D0D4-3839-4C14-8A32-50A4EF584DFE}
		{EA4A81B3-8946-46B3-8DB8-8450FC957C20} = {4323D0D4-3839-4C14-8A32-50A4EF584DFE}
		{BB2B7E78-3540-417E-A932-6F056C440C1E} = {33597270-5E57-43FE-A555-21C3A959CFE1}
		{F587F581-6686-4A95-AF9D-F5D47A71F6ED} = {EE1F8324-E26B-49C4-8D15-83149858A713}
		{813738E3-A6B8-4102-9952-05F9B68F14A3} = {EE1F8324-E26B-49C4-8D15-83149858A713}
		{77389A67-1496-4C91-B4FF-1F588945D9C1} = {EE1F8324-E26B-49C4-8D15-83149858A713}
		{E3C6BFC9-C07A-4DED-AD0B-D8BFDB746977} = {4323D0D4-3839-4C14-8A32-50A4EF584DFE}
	EndGlobalSection
	GlobalSection(ExtensibilityGlobals) = postSolution
		SolutionGuid = {BD2BBD91-9DE3-4EA7-9B47-646B0F3C112B}
	EndGlobalSection
EndGlobal
